Microsoft Visual Studio Solution File, Format Version 11.00
# Visual Studio 2008

Project("{0378FA39-A5DE-EA1E-5347-857FF3456BAE}") = "Betrayal_Vr", "Assembly-CSharp-firstpass.csproj", "{C16898C5-7980-D94B-63CE-0CB257EB66D4}"
EndProject
Project("{0378FA39-A5DE-EA1E-5347-857FF3456BAE}") = "Betrayal_Vr", "Assembly-CSharp.csproj", "{ED1F61C4-4FFB-011C-66BB-22E05ACCC182}"
EndProject
Project("{0378FA39-A5DE-EA1E-5347-857FF3456BAE}") = "Betrayal_Vr", "Assembly-CSharp-Editor-firstpass.csproj", "{9AE097F3-AA54-75D4-2175-51FFAE29BDDA}"
EndProject
Project("{0378FA39-A5DE-EA1E-5347-857FF3456BAE}") = "Betrayal_Vr", "Assembly-CSharp-Editor.csproj", "{0CBB237F-EF18-5727-8C70-A21D1ADB7414}"
EndProject
Global
	GlobalSection(SolutionConfigurationPlatforms) = preSolution
		Debug|Any CPU = Debug|Any CPU
		Release|Any CPU = Release|Any CPU
	EndGlobalSection
	GlobalSection(ProjectConfigurationPlatforms) = postSolution
		{C16898C5-7980-D94B-63CE-0CB257EB66D4}.Debug|Any CPU.ActiveCfg = Debug|Any CPU
		{C16898C5-7980-D94B-63CE-0CB257EB66D4}.Debug|Any CPU.Build.0 = Debug|Any CPU
		{C16898C5-7980-D94B-63CE-0CB257EB66D4}.Release|Any CPU.ActiveCfg = Release|Any CPU
		{C16898C5-7980-D94B-63CE-0CB257EB66D4}.Release|Any CPU.Build.0 = Release|Any CPU
		{ED1F61C4-4FFB-011C-66BB-22E05ACCC182}.Debug|Any CPU.ActiveCfg = Debug|Any CPU
		{ED1F61C4-4FFB-011C-66BB-22E05ACCC182}.Debug|Any CPU.Build.0 = Debug|Any CPU
		{ED1F61C4-4FFB-011C-66BB-22E05ACCC182}.Release|Any CPU.ActiveCfg = Release|Any CPU
		{ED1F61C4-4FFB-011C-66BB-22E05ACCC182}.Release|Any CPU.Build.0 = Release|Any CPU
		{9AE097F3-AA54-75D4-2175-51FFAE29BDDA}.Debug|Any CPU.ActiveCfg = Debug|Any CPU
		{9AE097F3-AA54-75D4-2175-51FFAE29BDDA}.Debug|Any CPU.Build.0 = Debug|Any CPU
		{9AE097F3-AA54-75D4-2175-51FFAE29BDDA}.Release|Any CPU.ActiveCfg = Release|Any CPU
		{9AE097F3-AA54-75D4-2175-51FFAE29BDDA}.Release|Any CPU.Build.0 = Release|Any CPU
		{0CBB237F-EF18-5727-8C70-A21D1ADB7414}.Debug|Any CPU.ActiveCfg = Debug|Any CPU
		{0CBB237F-EF18-5727-8C70-A21D1ADB7414}.Debug|Any CPU.Build.0 = Debug|Any CPU
		{0CBB237F-EF18-5727-8C70-A21D1ADB7414}.Release|Any CPU.ActiveCfg = Release|Any CPU
		{0CBB237F-EF18-5727-8C70-A21D1ADB7414}.Release|Any CPU.Build.0 = Release|Any CPU
	EndGlobalSection
	GlobalSection(SolutionProperties) = preSolution
		HideSolutionNode = FALSE
	EndGlobalSection
	GlobalSection(MonoDevelopProperties) = preSolution
		StartupItem = Assembly-CSharp.csproj
	EndGlobalSection
EndGlobal
